// !$*UTF8*$!
{
	archiveVersion = 1;
	classes = {
	};
	objectVersion = 46;
	objects = {

/* Begin PBXBuildFile section */
		4A80842BB900EFC006A99512 /* libPods-SampleMapDemo.a in Frameworks */ = {isa = PBXBuildFile; fileRef = 13500E824AE2D15975D42C36 /* libPods-SampleMapDemo.a */; };
		EB4C0D6F1BE1FF1D00CEE1FD /* VCLogin.m in Sources */ = {isa = PBXBuildFile; fileRef = EB4C0D6D1BE1FF1D00CEE1FD /* VCLogin.m */; settings = {ASSET_TAGS = (); }; };
		EB4C0D701BE1FF1D00CEE1FD /* VCLogin.xib in Resources */ = {isa = PBXBuildFile; fileRef = EB4C0D6E1BE1FF1D00CEE1FD /* VCLogin.xib */; settings = {ASSET_TAGS = (); }; };
		EB4C0D811BE212BC00CEE1FD /* FBUtil.m in Sources */ = {isa = PBXBuildFile; fileRef = EB4C0D801BE212BC00CEE1FD /* FBUtil.m */; settings = {ASSET_TAGS = (); }; };
		EB4C0D961BE217DF00CEE1FD /* VCLandiScreen.m in Sources */ = {isa = PBXBuildFile; fileRef = EB4C0D901BE217DF00CEE1FD /* VCLandiScreen.m */; settings = {ASSET_TAGS = (); }; };
		EB4C0D971BE217DF00CEE1FD /* VCLandiScreen.xib in Resources */ = {isa = PBXBuildFile; fileRef = EB4C0D911BE217DF00CEE1FD /* VCLandiScreen.xib */; settings = {ASSET_TAGS = (); }; };
		EB4C0D981BE217DF00CEE1FD /* VCCreateAccount.m in Sources */ = {isa = PBXBuildFile; fileRef = EB4C0D941BE217DF00CEE1FD /* VCCreateAccount.m */; settings = {ASSET_TAGS = (); }; };
		EB4C0D991BE217DF00CEE1FD /* VCCreateAccount.xib in Resources */ = {isa = PBXBuildFile; fileRef = EB4C0D951BE217DF00CEE1FD /* VCCreateAccount.xib */; settings = {ASSET_TAGS = (); }; };
		EB4C0D9C1BE2241F00CEE1FD /* LandingScreen.jpeg in Resources */ = {isa = PBXBuildFile; fileRef = EB4C0D9B1BE2241F00CEE1FD /* LandingScreen.jpeg */; settings = {ASSET_TAGS = (); }; };
		EB4C0D9E1BE226AA00CEE1FD /* createAccountBackground.png in Resources */ = {isa = PBXBuildFile; fileRef = EB4C0D9D1BE226AA00CEE1FD /* createAccountBackground.png */; settings = {ASSET_TAGS = (); }; };
		EB4C0DA01BE2275200CEE1FD /* Bye-Bye-Bunny-Pancakes.jpg in Resources */ = {isa = PBXBuildFile; fileRef = EB4C0D9F1BE2275200CEE1FD /* Bye-Bye-Bunny-Pancakes.jpg */; settings = {ASSET_TAGS = (); }; };
		EB4C10ED1BE2334400CEE1FD /* FBUtilNew.m in Sources */ = {isa = PBXBuildFile; fileRef = EB4C10EC1BE2334400CEE1FD /* FBUtilNew.m */; settings = {ASSET_TAGS = (); }; };
		EB4F1E7D1BD8D52C0015C867 /* AppleMapsViewController.m in Sources */ = {isa = PBXBuildFile; fileRef = EB4F1E7B1BD8D52C0015C867 /* AppleMapsViewController.m */; settings = {ASSET_TAGS = (); }; };
		EB4F1E7E1BD8D52C0015C867 /* AppleMapsViewController.xib in Resources */ = {isa = PBXBuildFile; fileRef = EB4F1E7C1BD8D52C0015C867 /* AppleMapsViewController.xib */; settings = {ASSET_TAGS = (); }; };
		EB50966C1BE48FE100A177F1 /* UserDefaultController.m in Sources */ = {isa = PBXBuildFile; fileRef = EB5096691BE48FE100A177F1 /* UserDefaultController.m */; settings = {ASSET_TAGS = (); }; };
		EB5096701BE4929B00A177F1 /* Constants.m in Sources */ = {isa = PBXBuildFile; fileRef = EB50966F1BE4929B00A177F1 /* Constants.m */; settings = {ASSET_TAGS = (); }; };
		EB5096741BE4A1FB00A177F1 /* LeftMenuCell.m in Sources */ = {isa = PBXBuildFile; fileRef = EB5096721BE4A1FB00A177F1 /* LeftMenuCell.m */; settings = {ASSET_TAGS = (); }; };
		EB5096751BE4A1FC00A177F1 /* LeftMenuCell.xib in Resources */ = {isa = PBXBuildFile; fileRef = EB5096731BE4A1FB00A177F1 /* LeftMenuCell.xib */; settings = {ASSET_TAGS = (); }; };
		EB5096781BE4A3D800A177F1 /* LeftMenuData.m in Sources */ = {isa = PBXBuildFile; fileRef = EB5096771BE4A3D800A177F1 /* LeftMenuData.m */; settings = {ASSET_TAGS = (); }; };
		EB51FA7D1BE88BC100EEE78B /* MKAnnotationView+WebCache.m in Sources */ = {isa = PBXBuildFile; fileRef = EB51FA5D1BE88BC100EEE78B /* MKAnnotationView+WebCache.m */; settings = {ASSET_TAGS = (); }; };
		EB51FA7E1BE88BC100EEE78B /* NSData+ImageContentType.m in Sources */ = {isa = PBXBuildFile; fileRef = EB51FA5F1BE88BC100EEE78B /* NSData+ImageContentType.m */; settings = {ASSET_TAGS = (); }; };
		EB51FA7F1BE88BC100EEE78B /* SDImageCache.m in Sources */ = {isa = PBXBuildFile; fileRef = EB51FA611BE88BC100EEE78B /* SDImageCache.m */; settings = {ASSET_TAGS = (); }; };
		EB51FA801BE88BC100EEE78B /* SDWebImageCompat.m in Sources */ = {isa = PBXBuildFile; fileRef = EB51FA631BE88BC100EEE78B /* SDWebImageCompat.m */; settings = {ASSET_TAGS = (); }; };
		EB51FA811BE88BC100EEE78B /* SDWebImageDecoder.m in Sources */ = {isa = PBXBuildFile; fileRef = EB51FA651BE88BC100EEE78B /* SDWebImageDecoder.m */; settings = {ASSET_TAGS = (); }; };
		EB51FA821BE88BC100EEE78B /* SDWebImageDownloader.m in Sources */ = {isa = PBXBuildFile; fileRef = EB51FA671BE88BC100EEE78B /* SDWebImageDownloader.m */; settings = {ASSET_TAGS = (); }; };
		EB51FA831BE88BC100EEE78B /* SDWebImageDownloaderOperation.m in Sources */ = {isa = PBXBuildFile; fileRef = EB51FA691BE88BC100EEE78B /* SDWebImageDownloaderOperation.m */; settings = {ASSET_TAGS = (); }; };
		EB51FA841BE88BC100EEE78B /* SDWebImageManager.m in Sources */ = {isa = PBXBuildFile; fileRef = EB51FA6B1BE88BC100EEE78B /* SDWebImageManager.m */; settings = {ASSET_TAGS = (); }; };
		EB51FA851BE88BC100EEE78B /* SDWebImagePrefetcher.m in Sources */ = {isa = PBXBuildFile; fileRef = EB51FA6E1BE88BC100EEE78B /* SDWebImagePrefetcher.m */; settings = {ASSET_TAGS = (); }; };
		EB51FA861BE88BC100EEE78B /* UIButton+WebCache.m in Sources */ = {isa = PBXBuildFile; fileRef = EB51FA701BE88BC100EEE78B /* UIButton+WebCache.m */; settings = {ASSET_TAGS = (); }; };
		EB51FA871BE88BC100EEE78B /* UIImage+GIF.m in Sources */ = {isa = PBXBuildFile; fileRef = EB51FA721BE88BC100EEE78B /* UIImage+GIF.m */; settings = {ASSET_TAGS = (); }; };
		EB51FA881BE88BC100EEE78B /* UIImage+MultiFormat.m in Sources */ = {isa = PBXBuildFile; fileRef = EB51FA741BE88BC100EEE78B /* UIImage+MultiFormat.m */; settings = {ASSET_TAGS = (); }; };
		EB51FA891BE88BC100EEE78B /* UIImage+WebP.m in Sources */ = {isa = PBXBuildFile; fileRef = EB51FA761BE88BC100EEE78B /* UIImage+WebP.m */; settings = {ASSET_TAGS = (); }; };
		EB51FA8A1BE88BC100EEE78B /* UIImageView+HighlightedWebCache.m in Sources */ = {isa = PBXBuildFile; fileRef = EB51FA781BE88BC100EEE78B /* UIImageView+HighlightedWebCache.m */; settings = {ASSET_TAGS = (); }; };
		EB51FA8B1BE88BC100EEE78B /* UIImageView+WebCache.m in Sources */ = {isa = PBXBuildFile; fileRef = EB51FA7A1BE88BC100EEE78B /* UIImageView+WebCache.m */; settings = {ASSET_TAGS = (); }; };
		EB51FA8C1BE88BC100EEE78B /* UIView+WebCacheOperation.m in Sources */ = {isa = PBXBuildFile; fileRef = EB51FA7C1BE88BC100EEE78B /* UIView+WebCacheOperation.m */; settings = {ASSET_TAGS = (); }; };
		EB51FA901BE88E2100EEE78B /* default_avatar12.png in Resources */ = {isa = PBXBuildFile; fileRef = EB51FA8D1BE88E2100EEE78B /* default_avatar12.png */; settings = {ASSET_TAGS = (); }; };
		EB51FA911BE88E2100EEE78B /* default_avatar12@2x.png in Resources */ = {isa = PBXBuildFile; fileRef = EB51FA8E1BE88E2100EEE78B /* default_avatar12@2x.png */; settings = {ASSET_TAGS = (); }; };
		EB51FA921BE88E2100EEE78B /* default_avatar12@3x.png in Resources */ = {isa = PBXBuildFile; fileRef = EB51FA8F1BE88E2100EEE78B /* default_avatar12@3x.png */; settings = {ASSET_TAGS = (); }; };
		EB553F421BE33AC900878A2C /* FBSDKCoreKit.framework in Frameworks */ = {isa = PBXBuildFile; fileRef = EB553F3D1BE33AC900878A2C /* FBSDKCoreKit.framework */; settings = {ASSET_TAGS = (); }; };
		EB553F431BE33AC900878A2C /* FBSDKLoginKit.framework in Frameworks */ = {isa = PBXBuildFile; fileRef = EB553F3E1BE33AC900878A2C /* FBSDKLoginKit.framework */; settings = {ASSET_TAGS = (); }; };
		EB553F441BE33AC900878A2C /* FBSDKShareKit.framework in Frameworks */ = {isa = PBXBuildFile; fileRef = EB553F3F1BE33AC900878A2C /* FBSDKShareKit.framework */; settings = {ASSET_TAGS = (); }; };
		EB553F451BE33AC900878A2C /* FacebookSDK.framework in Frameworks */ = {isa = PBXBuildFile; fileRef = EB553F401BE33AC900878A2C /* FacebookSDK.framework */; settings = {ASSET_TAGS = (); }; };
		EB553F4B1BE36F1E00878A2C /* JASidePanelController.m in Sources */ = {isa = PBXBuildFile; fileRef = EB553F481BE36F1E00878A2C /* JASidePanelController.m */; settings = {ASSET_TAGS = (); }; };
		EB553F4C1BE36F1E00878A2C /* UIViewController+JASidePanel.m in Sources */ = {isa = PBXBuildFile; fileRef = EB553F4A1BE36F1E00878A2C /* UIViewController+JASidePanel.m */; settings = {ASSET_TAGS = (); }; };
		EB553F531BE3753500878A2C /* VCRightMenu.m in Sources */ = {isa = PBXBuildFile; fileRef = EB553F511BE3753500878A2C /* VCRightMenu.m */; settings = {ASSET_TAGS = (); }; };
		EB553F541BE3753500878A2C /* VCRightMenu.xib in Resources */ = {isa = PBXBuildFile; fileRef = EB553F521BE3753500878A2C /* VCRightMenu.xib */; settings = {ASSET_TAGS = (); }; };
		EB553F581BE3756100878A2C /* VCCenterDetails.m in Sources */ = {isa = PBXBuildFile; fileRef = EB553F561BE3756100878A2C /* VCCenterDetails.m */; settings = {ASSET_TAGS = (); }; };
		EB553F591BE3756100878A2C /* VCCenterDetails.xib in Resources */ = {isa = PBXBuildFile; fileRef = EB553F571BE3756100878A2C /* VCCenterDetails.xib */; settings = {ASSET_TAGS = (); }; };
		EB553F5D1BE3757600878A2C /* VCLeftMenu.m in Sources */ = {isa = PBXBuildFile; fileRef = EB553F5B1BE3757600878A2C /* VCLeftMenu.m */; settings = {ASSET_TAGS = (); }; };
		EB553F5E1BE3757600878A2C /* VCLeftMenu.xib in Resources */ = {isa = PBXBuildFile; fileRef = EB553F5C1BE3757600878A2C /* VCLeftMenu.xib */; settings = {ASSET_TAGS = (); }; };
		EB553F641BE37C7400878A2C /* food2.jpeg in Resources */ = {isa = PBXBuildFile; fileRef = EB553F601BE37C7400878A2C /* food2.jpeg */; settings = {ASSET_TAGS = (); }; };
		EB553F651BE37C7400878A2C /* food1.jpeg in Resources */ = {isa = PBXBuildFile; fileRef = EB553F611BE37C7400878A2C /* food1.jpeg */; settings = {ASSET_TAGS = (); }; };
		EB553F661BE37C7400878A2C /* food4.jpg in Resources */ = {isa = PBXBuildFile; fileRef = EB553F621BE37C7400878A2C /* food4.jpg */; settings = {ASSET_TAGS = (); }; };
		EB553F681BE37E5600878A2C /* food3.jpg in Resources */ = {isa = PBXBuildFile; fileRef = EB553F671BE37E5600878A2C /* food3.jpg */; settings = {ASSET_TAGS = (); }; };
		EB553F6A1BE37F7B00878A2C /* food5.jpg in Resources */ = {isa = PBXBuildFile; fileRef = EB553F691BE37F7B00878A2C /* food5.jpg */; settings = {ASSET_TAGS = (); }; };
		EB597AB01BE4C0550070FFF8 /* VCProfile.m in Sources */ = {isa = PBXBuildFile; fileRef = EB597AAE1BE4C0550070FFF8 /* VCProfile.m */; settings = {ASSET_TAGS = (); }; };
		EB597AB11BE4C0550070FFF8 /* VCProfile.xib in Resources */ = {isa = PBXBuildFile; fileRef = EB597AAF1BE4C0550070FFF8 /* VCProfile.xib */; settings = {ASSET_TAGS = (); }; };
		EB5BF0B01BD9F2F000171719 /* MapsSelector.m in Sources */ = {isa = PBXBuildFile; fileRef = EB5BF0AE1BD9F2F000171719 /* MapsSelector.m */; settings = {ASSET_TAGS = (); }; };
		EB5BF0B11BD9F2F000171719 /* MapsSelector.xib in Resources */ = {isa = PBXBuildFile; fileRef = EB5BF0AF1BD9F2F000171719 /* MapsSelector.xib */; settings = {ASSET_TAGS = (); }; };
		EB5BF0B31BDA024B00171719 /* taxi.png in Resources */ = {isa = PBXBuildFile; fileRef = EB5BF0B21BDA024B00171719 /* taxi.png */; settings = {ASSET_TAGS = (); }; };
		EB614C9B1BD753320044C817 /* main.m in Sources */ = {isa = PBXBuildFile; fileRef = EB614C9A1BD753320044C817 /* main.m */; };
		EB614C9E1BD753320044C817 /* AppDelegate.m in Sources */ = {isa = PBXBuildFile; fileRef = EB614C9D1BD753320044C817 /* AppDelegate.m */; };
		EB614CA11BD753320044C817 /* ViewController.m in Sources */ = {isa = PBXBuildFile; fileRef = EB614CA01BD753320044C817 /* ViewController.m */; };
		EB614CA41BD753320044C817 /* Main.storyboard in Resources */ = {isa = PBXBuildFile; fileRef = EB614CA21BD753320044C817 /* Main.storyboard */; };
		EB614CA61BD753320044C817 /* Assets.xcassets in Resources */ = {isa = PBXBuildFile; fileRef = EB614CA51BD753320044C817 /* Assets.xcassets */; };
		EB614CA91BD753320044C817 /* LaunchScreen.storyboard in Resources */ = {isa = PBXBuildFile; fileRef = EB614CA71BD753320044C817 /* LaunchScreen.storyboard */; };
		EB614CB41BD753320044C817 /* SampleMapDemoTests.m in Sources */ = {isa = PBXBuildFile; fileRef = EB614CB31BD753320044C817 /* SampleMapDemoTests.m */; };
		EB614CBF1BD753320044C817 /* SampleMapDemoUITests.m in Sources */ = {isa = PBXBuildFile; fileRef = EB614CBE1BD753320044C817 /* SampleMapDemoUITests.m */; };
		EB614CCD1BD753D90044C817 /* ViewController.xib in Resources */ = {isa = PBXBuildFile; fileRef = EB614CCC1BD753D90044C817 /* ViewController.xib */; settings = {ASSET_TAGS = (); }; };
/* End PBXBuildFile section */

/* Begin PBXContainerItemProxy section */
		EB614CB01BD753320044C817 /* PBXContainerItemProxy */ = {
			isa = PBXContainerItemProxy;
			containerPortal = EB614C8E1BD753310044C817 /* Project object */;
			proxyType = 1;
			remoteGlobalIDString = EB614C951BD753320044C817;
			remoteInfo = SampleMapDemo;
		};
		EB614CBB1BD753320044C817 /* PBXContainerItemProxy */ = {
			isa = PBXContainerItemProxy;
			containerPortal = EB614C8E1BD753310044C817 /* Project object */;
			proxyType = 1;
			remoteGlobalIDString = EB614C951BD753320044C817;
			remoteInfo = SampleMapDemo;
		};
/* End PBXContainerItemProxy section */

/* Begin PBXFileReference section */
		13500E824AE2D15975D42C36 /* libPods-SampleMapDemo.a */ = {isa = PBXFileReference; explicitFileType = archive.ar; includeInIndex = 0; path = "libPods-SampleMapDemo.a"; sourceTree = BUILT_PRODUCTS_DIR; };
		30F460DCC422A8F80A04E6F8 /* Pods-SampleMapDemo.release.xcconfig */ = {isa = PBXFileReference; includeInIndex = 1; lastKnownFileType = text.xcconfig; name = "Pods-SampleMapDemo.release.xcconfig"; path = "Pods/Target Support Files/Pods-SampleMapDemo/Pods-SampleMapDemo.release.xcconfig"; sourceTree = "<group>"; };
		B486CB81F1E025F65DEFD36B /* Pods-SampleMapDemo.debug.xcconfig */ = {isa = PBXFileReference; includeInIndex = 1; lastKnownFileType = text.xcconfig; name = "Pods-SampleMapDemo.debug.xcconfig"; path = "Pods/Target Support Files/Pods-SampleMapDemo/Pods-SampleMapDemo.debug.xcconfig"; sourceTree = "<group>"; };
		EB4C0D6C1BE1FF1D00CEE1FD /* VCLogin.h */ = {isa = PBXFileReference; fileEncoding = 4; lastKnownFileType = sourcecode.c.h; path = VCLogin.h; sourceTree = "<group>"; };
		EB4C0D6D1BE1FF1D00CEE1FD /* VCLogin.m */ = {isa = PBXFileReference; fileEncoding = 4; lastKnownFileType = sourcecode.c.objc; path = VCLogin.m; sourceTree = "<group>"; };
		EB4C0D6E1BE1FF1D00CEE1FD /* VCLogin.xib */ = {isa = PBXFileReference; fileEncoding = 4; lastKnownFileType = file.xib; path = VCLogin.xib; sourceTree = "<group>"; };
		EB4C0D7F1BE212BC00CEE1FD /* FBUtil.h */ = {isa = PBXFileReference; fileEncoding = 4; lastKnownFileType = sourcecode.c.h; path = FBUtil.h; sourceTree = "<group>"; };
		EB4C0D801BE212BC00CEE1FD /* FBUtil.m */ = {isa = PBXFileReference; fileEncoding = 4; lastKnownFileType = sourcecode.c.objc; path = FBUtil.m; sourceTree = "<group>"; };
		EB4C0D8F1BE217DF00CEE1FD /* VCLandiScreen.h */ = {isa = PBXFileReference; fileEncoding = 4; lastKnownFileType = sourcecode.c.h; path = VCLandiScreen.h; sourceTree = "<group>"; };
		EB4C0D901BE217DF00CEE1FD /* VCLandiScreen.m */ = {isa = PBXFileReference; fileEncoding = 4; lastKnownFileType = sourcecode.c.objc; path = VCLandiScreen.m; sourceTree = "<group>"; };
		EB4C0D911BE217DF00CEE1FD /* VCLandiScreen.xib */ = {isa = PBXFileReference; fileEncoding = 4; lastKnownFileType = file.xib; path = VCLandiScreen.xib; sourceTree = "<group>"; };
		EB4C0D931BE217DF00CEE1FD /* VCCreateAccount.h */ = {isa = PBXFileReference; fileEncoding = 4; lastKnownFileType = sourcecode.c.h; path = VCCreateAccount.h; sourceTree = "<group>"; };
		EB4C0D941BE217DF00CEE1FD /* VCCreateAccount.m */ = {isa = PBXFileReference; fileEncoding = 4; lastKnownFileType = sourcecode.c.objc; path = VCCreateAccount.m; sourceTree = "<group>"; };
		EB4C0D951BE217DF00CEE1FD /* VCCreateAccount.xib */ = {isa = PBXFileReference; fileEncoding = 4; lastKnownFileType = file.xib; path = VCCreateAccount.xib; sourceTree = "<group>"; };
		EB4C0D9B1BE2241F00CEE1FD /* LandingScreen.jpeg */ = {isa = PBXFileReference; lastKnownFileType = image.jpeg; path = LandingScreen.jpeg; sourceTree = "<group>"; };
		EB4C0D9D1BE226AA00CEE1FD /* createAccountBackground.png */ = {isa = PBXFileReference; lastKnownFileType = image.png; path = createAccountBackground.png; sourceTree = "<group>"; };
		EB4C0D9F1BE2275200CEE1FD /* Bye-Bye-Bunny-Pancakes.jpg */ = {isa = PBXFileReference; lastKnownFileType = image.jpeg; path = "Bye-Bye-Bunny-Pancakes.jpg"; sourceTree = "<group>"; };
		EB4C10EB1BE2334400CEE1FD /* FBUtilNew.h */ = {isa = PBXFileReference; fileEncoding = 4; lastKnownFileType = sourcecode.c.h; path = FBUtilNew.h; sourceTree = "<group>"; };
		EB4C10EC1BE2334400CEE1FD /* FBUtilNew.m */ = {isa = PBXFileReference; fileEncoding = 4; lastKnownFileType = sourcecode.c.objc; path = FBUtilNew.m; sourceTree = "<group>"; };
		EB4F1E7A1BD8D52C0015C867 /* AppleMapsViewController.h */ = {isa = PBXFileReference; fileEncoding = 4; lastKnownFileType = sourcecode.c.h; path = AppleMapsViewController.h; sourceTree = "<group>"; };
		EB4F1E7B1BD8D52C0015C867 /* AppleMapsViewController.m */ = {isa = PBXFileReference; fileEncoding = 4; lastKnownFileType = sourcecode.c.objc; path = AppleMapsViewController.m; sourceTree = "<group>"; };
		EB4F1E7C1BD8D52C0015C867 /* AppleMapsViewController.xib */ = {isa = PBXFileReference; fileEncoding = 4; lastKnownFileType = file.xib; path = AppleMapsViewController.xib; sourceTree = "<group>"; };
		EB5096681BE48FE100A177F1 /* UserDefaultController.h */ = {isa = PBXFileReference; fileEncoding = 4; lastKnownFileType = sourcecode.c.h; path = UserDefaultController.h; sourceTree = "<group>"; };
		EB5096691BE48FE100A177F1 /* UserDefaultController.m */ = {isa = PBXFileReference; fileEncoding = 4; lastKnownFileType = sourcecode.c.objc; path = UserDefaultController.m; sourceTree = "<group>"; };
		EB50966E1BE4928700A177F1 /* Constants.h */ = {isa = PBXFileReference; lastKnownFileType = sourcecode.c.h; path = Constants.h; sourceTree = "<group>"; };
		EB50966F1BE4929B00A177F1 /* Constants.m */ = {isa = PBXFileReference; fileEncoding = 4; lastKnownFileType = sourcecode.c.objc; path = Constants.m; sourceTree = "<group>"; };
		EB5096711BE4A1FB00A177F1 /* LeftMenuCell.h */ = {isa = PBXFileReference; fileEncoding = 4; lastKnownFileType = sourcecode.c.h; path = LeftMenuCell.h; sourceTree = "<group>"; };
		EB5096721BE4A1FB00A177F1 /* LeftMenuCell.m */ = {isa = PBXFileReference; fileEncoding = 4; lastKnownFileType = sourcecode.c.objc; path = LeftMenuCell.m; sourceTree = "<group>"; };
		EB5096731BE4A1FB00A177F1 /* LeftMenuCell.xib */ = {isa = PBXFileReference; fileEncoding = 4; lastKnownFileType = file.xib; path = LeftMenuCell.xib; sourceTree = "<group>"; };
		EB5096761BE4A3D800A177F1 /* LeftMenuData.h */ = {isa = PBXFileReference; fileEncoding = 4; lastKnownFileType = sourcecode.c.h; path = LeftMenuData.h; sourceTree = "<group>"; };
		EB5096771BE4A3D800A177F1 /* LeftMenuData.m */ = {isa = PBXFileReference; fileEncoding = 4; lastKnownFileType = sourcecode.c.objc; path = LeftMenuData.m; sourceTree = "<group>"; };
		EB51FA5C1BE88BC100EEE78B /* MKAnnotationView+WebCache.h */ = {isa = PBXFileReference; fileEncoding = 4; lastKnownFileType = sourcecode.c.h; path = "MKAnnotationView+WebCache.h"; sourceTree = "<group>"; };
		EB51FA5D1BE88BC100EEE78B /* MKAnnotationView+WebCache.m */ = {isa = PBXFileReference; fileEncoding = 4; lastKnownFileType = sourcecode.c.objc; path = "MKAnnotationView+WebCache.m"; sourceTree = "<group>"; };
		EB51FA5E1BE88BC100EEE78B /* NSData+ImageContentType.h */ = {isa = PBXFileReference; fileEncoding = 4; lastKnownFileType = sourcecode.c.h; path = "NSData+ImageContentType.h"; sourceTree = "<group>"; };
		EB51FA5F1BE88BC100EEE78B /* NSData+ImageContentType.m */ = {isa = PBXFileReference; fileEncoding = 4; lastKnownFileType = sourcecode.c.objc; path = "NSData+ImageContentType.m"; sourceTree = "<group>"; };
		EB51FA601BE88BC100EEE78B /* SDImageCache.h */ = {isa = PBXFileReference; fileEncoding = 4; lastKnownFileType = sourcecode.c.h; path = SDImageCache.h; sourceTree = "<group>"; };
		EB51FA611BE88BC100EEE78B /* SDImageCache.m */ = {isa = PBXFileReference; fileEncoding = 4; lastKnownFileType = sourcecode.c.objc; path = SDImageCache.m; sourceTree = "<group>"; };
		EB51FA621BE88BC100EEE78B /* SDWebImageCompat.h */ = {isa = PBXFileReference; fileEncoding = 4; lastKnownFileType = sourcecode.c.h; path = SDWebImageCompat.h; sourceTree = "<group>"; };
		EB51FA631BE88BC100EEE78B /* SDWebImageCompat.m */ = {isa = PBXFileReference; fileEncoding = 4; lastKnownFileType = sourcecode.c.objc; path = SDWebImageCompat.m; sourceTree = "<group>"; };
		EB51FA641BE88BC100EEE78B /* SDWebImageDecoder.h */ = {isa = PBXFileReference; fileEncoding = 4; lastKnownFileType = sourcecode.c.h; path = SDWebImageDecoder.h; sourceTree = "<group>"; };
		EB51FA651BE88BC100EEE78B /* SDWebImageDecoder.m */ = {isa = PBXFileReference; fileEncoding = 4; lastKnownFileType = sourcecode.c.objc; path = SDWebImageDecoder.m; sourceTree = "<group>"; };
		EB51FA661BE88BC100EEE78B /* SDWebImageDownloader.h */ = {isa = PBXFileReference; fileEncoding = 4; lastKnownFileType = sourcecode.c.h; path = SDWebImageDownloader.h; sourceTree = "<group>"; };
		EB51FA671BE88BC100EEE78B /* SDWebImageDownloader.m */ = {isa = PBXFileReference; fileEncoding = 4; lastKnownFileType = sourcecode.c.objc; path = SDWebImageDownloader.m; sourceTree = "<group>"; };
		EB51FA681BE88BC100EEE78B /* SDWebImageDownloaderOperation.h */ = {isa = PBXFileReference; fileEncoding = 4; lastKnownFileType = sourcecode.c.h; path = SDWebImageDownloaderOperation.h; sourceTree = "<group>"; };
		EB51FA691BE88BC100EEE78B /* SDWebImageDownloaderOperation.m */ = {isa = PBXFileReference; fileEncoding = 4; lastKnownFileType = sourcecode.c.objc; path = SDWebImageDownloaderOperation.m; sourceTree = "<group>"; };
		EB51FA6A1BE88BC100EEE78B /* SDWebImageManager.h */ = {isa = PBXFileReference; fileEncoding = 4; lastKnownFileType = sourcecode.c.h; path = SDWebImageManager.h; sourceTree = "<group>"; };
		EB51FA6B1BE88BC100EEE78B /* SDWebImageManager.m */ = {isa = PBXFileReference; fileEncoding = 4; lastKnownFileType = sourcecode.c.objc; path = SDWebImageManager.m; sourceTree = "<group>"; };
		EB51FA6C1BE88BC100EEE78B /* SDWebImageOperation.h */ = {isa = PBXFileReference; fileEncoding = 4; lastKnownFileType = sourcecode.c.h; path = SDWebImageOperation.h; sourceTree = "<group>"; };
		EB51FA6D1BE88BC100EEE78B /* SDWebImagePrefetcher.h */ = {isa = PBXFileReference; fileEncoding = 4; lastKnownFileType = sourcecode.c.h; path = SDWebImagePrefetcher.h; sourceTree = "<group>"; };
		EB51FA6E1BE88BC100EEE78B /* SDWebImagePrefetcher.m */ = {isa = PBXFileReference; fileEncoding = 4; lastKnownFileType = sourcecode.c.objc; path = SDWebImagePrefetcher.m; sourceTree = "<group>"; };
		EB51FA6F1BE88BC100EEE78B /* UIButton+WebCache.h */ = {isa = PBXFileReference; fileEncoding = 4; lastKnownFileType = sourcecode.c.h; path = "UIButton+WebCache.h"; sourceTree = "<group>"; };
		EB51FA701BE88BC100EEE78B /* UIButton+WebCache.m */ = {isa = PBXFileReference; fileEncoding = 4; lastKnownFileType = sourcecode.c.objc; path = "UIButton+WebCache.m"; sourceTree = "<group>"; };
		EB51FA711BE88BC100EEE78B /* UIImage+GIF.h */ = {isa = PBXFileReference; fileEncoding = 4; lastKnownFileType = sourcecode.c.h; path = "UIImage+GIF.h"; sourceTree = "<group>"; };
		EB51FA721BE88BC100EEE78B /* UIImage+GIF.m */ = {isa = PBXFileReference; fileEncoding = 4; lastKnownFileType = sourcecode.c.objc; path = "UIImage+GIF.m"; sourceTree = "<group>"; };
		EB51FA731BE88BC100EEE78B /* UIImage+MultiFormat.h */ = {isa = PBXFileReference; fileEncoding = 4; lastKnownFileType = sourcecode.c.h; path = "UIImage+MultiFormat.h"; sourceTree = "<group>"; };
		EB51FA741BE88BC100EEE78B /* UIImage+MultiFormat.m */ = {isa = PBXFileReference; fileEncoding = 4; lastKnownFileType = sourcecode.c.objc; path = "UIImage+MultiFormat.m"; sourceTree = "<group>"; };
		EB51FA751BE88BC100EEE78B /* UIImage+WebP.h */ = {isa = PBXFileReference; fileEncoding = 4; lastKnownFileType = sourcecode.c.h; path = "UIImage+WebP.h"; sourceTree = "<group>"; };
		EB51FA761BE88BC100EEE78B /* UIImage+WebP.m */ = {isa = PBXFileReference; fileEncoding = 4; lastKnownFileType = sourcecode.c.objc; path = "UIImage+WebP.m"; sourceTree = "<group>"; };
		EB51FA771BE88BC100EEE78B /* UIImageView+HighlightedWebCache.h */ = {isa = PBXFileReference; fileEncoding = 4; lastKnownFileType = sourcecode.c.h; path = "UIImageView+HighlightedWebCache.h"; sourceTree = "<group>"; };
		EB51FA781BE88BC100EEE78B /* UIImageView+HighlightedWebCache.m */ = {isa = PBXFileReference; fileEncoding = 4; lastKnownFileType = sourcecode.c.objc; path = "UIImageView+HighlightedWebCache.m"; sourceTree = "<group>"; };
		EB51FA791BE88BC100EEE78B /* UIImageView+WebCache.h */ = {isa = PBXFileReference; fileEncoding = 4; lastKnownFileType = sourcecode.c.h; path = "UIImageView+WebCache.h"; sourceTree = "<group>"; };
		EB51FA7A1BE88BC100EEE78B /* UIImageView+WebCache.m */ = {isa = PBXFileReference; fileEncoding = 4; lastKnownFileType = sourcecode.c.objc; path = "UIImageView+WebCache.m"; sourceTree = "<group>"; };
		EB51FA7B1BE88BC100EEE78B /* UIView+WebCacheOperation.h */ = {isa = PBXFileReference; fileEncoding = 4; lastKnownFileType = sourcecode.c.h; path = "UIView+WebCacheOperation.h"; sourceTree = "<group>"; };
		EB51FA7C1BE88BC100EEE78B /* UIView+WebCacheOperation.m */ = {isa = PBXFileReference; fileEncoding = 4; lastKnownFileType = sourcecode.c.objc; path = "UIView+WebCacheOperation.m"; sourceTree = "<group>"; };
		EB51FA8D1BE88E2100EEE78B /* default_avatar12.png */ = {isa = PBXFileReference; lastKnownFileType = image.png; path = default_avatar12.png; sourceTree = "<group>"; };
		EB51FA8E1BE88E2100EEE78B /* default_avatar12@2x.png */ = {isa = PBXFileReference; lastKnownFileType = image.png; path = "default_avatar12@2x.png"; sourceTree = "<group>"; };
		EB51FA8F1BE88E2100EEE78B /* default_avatar12@3x.png */ = {isa = PBXFileReference; lastKnownFileType = image.png; path = "default_avatar12@3x.png"; sourceTree = "<group>"; };
		EB553F3D1BE33AC900878A2C /* FBSDKCoreKit.framework */ = {isa = PBXFileReference; lastKnownFileType = wrapper.framework; path = FBSDKCoreKit.framework; sourceTree = "<group>"; };
		EB553F3E1BE33AC900878A2C /* FBSDKLoginKit.framework */ = {isa = PBXFileReference; lastKnownFileType = wrapper.framework; path = FBSDKLoginKit.framework; sourceTree = "<group>"; };
		EB553F3F1BE33AC900878A2C /* FBSDKShareKit.framework */ = {isa = PBXFileReference; lastKnownFileType = wrapper.framework; path = FBSDKShareKit.framework; sourceTree = "<group>"; };
		EB553F401BE33AC900878A2C /* FacebookSDK.framework */ = {isa = PBXFileReference; lastKnownFileType = wrapper.framework; path = FacebookSDK.framework; sourceTree = "<group>"; };
		EB553F471BE36F1E00878A2C /* JASidePanelController.h */ = {isa = PBXFileReference; fileEncoding = 4; lastKnownFileType = sourcecode.c.h; path = JASidePanelController.h; sourceTree = "<group>"; };
		EB553F481BE36F1E00878A2C /* JASidePanelController.m */ = {isa = PBXFileReference; fileEncoding = 4; lastKnownFileType = sourcecode.c.objc; path = JASidePanelController.m; sourceTree = "<group>"; };
		EB553F491BE36F1E00878A2C /* UIViewController+JASidePanel.h */ = {isa = PBXFileReference; fileEncoding = 4; lastKnownFileType = sourcecode.c.h; path = "UIViewController+JASidePanel.h"; sourceTree = "<group>"; };
		EB553F4A1BE36F1E00878A2C /* UIViewController+JASidePanel.m */ = {isa = PBXFileReference; fileEncoding = 4; lastKnownFileType = sourcecode.c.objc; path = "UIViewController+JASidePanel.m"; sourceTree = "<group>"; };
		EB553F501BE3753500878A2C /* VCRightMenu.h */ = {isa = PBXFileReference; fileEncoding = 4; lastKnownFileType = sourcecode.c.h; path = VCRightMenu.h; sourceTree = "<group>"; };
		EB553F511BE3753500878A2C /* VCRightMenu.m */ = {isa = PBXFileReference; fileEncoding = 4; lastKnownFileType = sourcecode.c.objc; path = VCRightMenu.m; sourceTree = "<group>"; };
		EB553F521BE3753500878A2C /* VCRightMenu.xib */ = {isa = PBXFileReference; fileEncoding = 4; lastKnownFileType = file.xib; path = VCRightMenu.xib; sourceTree = "<group>"; };
		EB553F551BE3756100878A2C /* VCCenterDetails.h */ = {isa = PBXFileReference; fileEncoding = 4; lastKnownFileType = sourcecode.c.h; path = VCCenterDetails.h; sourceTree = "<group>"; };
		EB553F561BE3756100878A2C /* VCCenterDetails.m */ = {isa = PBXFileReference; fileEncoding = 4; lastKnownFileType = sourcecode.c.objc; path = VCCenterDetails.m; sourceTree = "<group>"; };
		EB553F571BE3756100878A2C /* VCCenterDetails.xib */ = {isa = PBXFileReference; fileEncoding = 4; lastKnownFileType = file.xib; path = VCCenterDetails.xib; sourceTree = "<group>"; };
		EB553F5A1BE3757600878A2C /* VCLeftMenu.h */ = {isa = PBXFileReference; fileEncoding = 4; lastKnownFileType = sourcecode.c.h; path = VCLeftMenu.h; sourceTree = "<group>"; };
		EB553F5B1BE3757600878A2C /* VCLeftMenu.m */ = {isa = PBXFileReference; fileEncoding = 4; lastKnownFileType = sourcecode.c.objc; path = VCLeftMenu.m; sourceTree = "<group>"; };
		EB553F5C1BE3757600878A2C /* VCLeftMenu.xib */ = {isa = PBXFileReference; fileEncoding = 4; lastKnownFileType = file.xib; path = VCLeftMenu.xib; sourceTree = "<group>"; };
		EB553F601BE37C7400878A2C /* food2.jpeg */ = {isa = PBXFileReference; lastKnownFileType = image.jpeg; path = food2.jpeg; sourceTree = "<group>"; };
		EB553F611BE37C7400878A2C /* food1.jpeg */ = {isa = PBXFileReference; lastKnownFileType = image.jpeg; path = food1.jpeg; sourceTree = "<group>"; };
		EB553F621BE37C7400878A2C /* food4.jpg */ = {isa = PBXFileReference; lastKnownFileType = image.jpeg; path = food4.jpg; sourceTree = "<group>"; };
		EB553F671BE37E5600878A2C /* food3.jpg */ = {isa = PBXFileReference; lastKnownFileType = image.jpeg; path = food3.jpg; sourceTree = "<group>"; };
		EB553F691BE37F7B00878A2C /* food5.jpg */ = {isa = PBXFileReference; lastKnownFileType = image.jpeg; path = food5.jpg; sourceTree = "<group>"; };
		EB597AAD1BE4C0550070FFF8 /* VCProfile.h */ = {isa = PBXFileReference; fileEncoding = 4; lastKnownFileType = sourcecode.c.h; path = VCProfile.h; sourceTree = "<group>"; };
		EB597AAE1BE4C0550070FFF8 /* VCProfile.m */ = {isa = PBXFileReference; fileEncoding = 4; lastKnownFileType = sourcecode.c.objc; path = VCProfile.m; sourceTree = "<group>"; };
		EB597AAF1BE4C0550070FFF8 /* VCProfile.xib */ = {isa = PBXFileReference; fileEncoding = 4; lastKnownFileType = file.xib; path = VCProfile.xib; sourceTree = "<group>"; };
		EB5BF0AD1BD9F2F000171719 /* MapsSelector.h */ = {isa = PBXFileReference; fileEncoding = 4; lastKnownFileType = sourcecode.c.h; path = MapsSelector.h; sourceTree = "<group>"; };
		EB5BF0AE1BD9F2F000171719 /* MapsSelector.m */ = {isa = PBXFileReference; fileEncoding = 4; lastKnownFileType = sourcecode.c.objc; path = MapsSelector.m; sourceTree = "<group>"; };
		EB5BF0AF1BD9F2F000171719 /* MapsSelector.xib */ = {isa = PBXFileReference; fileEncoding = 4; lastKnownFileType = file.xib; path = MapsSelector.xib; sourceTree = "<group>"; };
		EB5BF0B21BDA024B00171719 /* taxi.png */ = {isa = PBXFileReference; lastKnownFileType = image.png; path = taxi.png; sourceTree = SOURCE_ROOT; };
		EB614C961BD753320044C817 /* SampleMapDemo.app */ = {isa = PBXFileReference; explicitFileType = wrapper.application; includeInIndex = 0; path = SampleMapDemo.app; sourceTree = BUILT_PRODUCTS_DIR; };
		EB614C9A1BD753320044C817 /* main.m */ = {isa = PBXFileReference; lastKnownFileType = sourcecode.c.objc; path = main.m; sourceTree = "<group>"; };
		EB614C9C1BD753320044C817 /* AppDelegate.h */ = {isa = PBXFileReference; lastKnownFileType = sourcecode.c.h; path = AppDelegate.h; sourceTree = "<group>"; };
		EB614C9D1BD753320044C817 /* AppDelegate.m */ = {isa = PBXFileReference; lastKnownFileType = sourcecode.c.objc; path = AppDelegate.m; sourceTree = "<group>"; };
		EB614C9F1BD753320044C817 /* ViewController.h */ = {isa = PBXFileReference; lastKnownFileType = sourcecode.c.h; path = ViewController.h; sourceTree = "<group>"; };
		EB614CA01BD753320044C817 /* ViewController.m */ = {isa = PBXFileReference; lastKnownFileType = sourcecode.c.objc; path = ViewController.m; sourceTree = "<group>"; };
		EB614CA31BD753320044C817 /* Base */ = {isa = PBXFileReference; lastKnownFileType = file.storyboard; name = Base; path = Base.lproj/Main.storyboard; sourceTree = "<group>"; };
		EB614CA51BD753320044C817 /* Assets.xcassets */ = {isa = PBXFileReference; lastKnownFileType = folder.assetcatalog; path = Assets.xcassets; sourceTree = "<group>"; };
		EB614CA81BD753320044C817 /* Base */ = {isa = PBXFileReference; lastKnownFileType = file.storyboard; name = Base; path = Base.lproj/LaunchScreen.storyboard; sourceTree = "<group>"; };
		EB614CAA1BD753320044C817 /* Info.plist */ = {isa = PBXFileReference; lastKnownFileType = text.plist.xml; path = Info.plist; sourceTree = "<group>"; };
		EB614CAF1BD753320044C817 /* SampleMapDemoTests.xctest */ = {isa = PBXFileReference; explicitFileType = wrapper.cfbundle; includeInIndex = 0; path = SampleMapDemoTests.xctest; sourceTree = BUILT_PRODUCTS_DIR; };
		EB614CB31BD753320044C817 /* SampleMapDemoTests.m */ = {isa = PBXFileReference; lastKnownFileType = sourcecode.c.objc; path = SampleMapDemoTests.m; sourceTree = "<group>"; };
		EB614CB51BD753320044C817 /* Info.plist */ = {isa = PBXFileReference; lastKnownFileType = text.plist.xml; path = Info.plist; sourceTree = "<group>"; };
		EB614CBA1BD753320044C817 /* SampleMapDemoUITests.xctest */ = {isa = PBXFileReference; explicitFileType = wrapper.cfbundle; includeInIndex = 0; path = SampleMapDemoUITests.xctest; sourceTree = BUILT_PRODUCTS_DIR; };
		EB614CBE1BD753320044C817 /* SampleMapDemoUITests.m */ = {isa = PBXFileReference; lastKnownFileType = sourcecode.c.objc; path = SampleMapDemoUITests.m; sourceTree = "<group>"; };
		EB614CC01BD753320044C817 /* Info.plist */ = {isa = PBXFileReference; lastKnownFileType = text.plist.xml; path = Info.plist; sourceTree = "<group>"; };
		EB614CCC1BD753D90044C817 /* ViewController.xib */ = {isa = PBXFileReference; fileEncoding = 4; lastKnownFileType = file.xib; path = ViewController.xib; sourceTree = "<group>"; };
/* End PBXFileReference section */

/* Begin PBXFrameworksBuildPhase section */
		EB614C931BD753320044C817 /* Frameworks */ = {
			isa = PBXFrameworksBuildPhase;
			buildActionMask = 2147483647;
			files = (
				4A80842BB900EFC006A99512 /* libPods-SampleMapDemo.a in Frameworks */,
				EB553F421BE33AC900878A2C /* FBSDKCoreKit.framework in Frameworks */,
				EB553F441BE33AC900878A2C /* FBSDKShareKit.framework in Frameworks */,
				EB553F431BE33AC900878A2C /* FBSDKLoginKit.framework in Frameworks */,
				EB553F451BE33AC900878A2C /* FacebookSDK.framework in Frameworks */,
			);
			runOnlyForDeploymentPostprocessing = 0;
		};
		EB614CAC1BD753320044C817 /* Frameworks */ = {
			isa = PBXFrameworksBuildPhase;
			buildActionMask = 2147483647;
			files = (
			);
			runOnlyForDeploymentPostprocessing = 0;
		};
		EB614CB71BD753320044C817 /* Frameworks */ = {
			isa = PBXFrameworksBuildPhase;
			buildActionMask = 2147483647;
			files = (
			);
			runOnlyForDeploymentPostprocessing = 0;
		};
/* End PBXFrameworksBuildPhase section */

/* Begin PBXGroup section */
		A12E05AEA9CB3106A800B687 /* Frameworks */ = {
			isa = PBXGroup;
			children = (
				13500E824AE2D15975D42C36 /* libPods-SampleMapDemo.a */,
			);
			name = Frameworks;
			sourceTree = "<group>";
		};
		EB4C0D6B1BE1FEFE00CEE1FD /* Login */ = {
			isa = PBXGroup;
			children = (
				EB4C0D6C1BE1FF1D00CEE1FD /* VCLogin.h */,
				EB4C0D6D1BE1FF1D00CEE1FD /* VCLogin.m */,
				EB4C0D6E1BE1FF1D00CEE1FD /* VCLogin.xib */,
			);
			path = Login;
			sourceTree = "<group>";
		};
		EB4C0D761BE2128200CEE1FD /* SDKs */ = {
			isa = PBXGroup;
			children = (
				EB553F3D1BE33AC900878A2C /* FBSDKCoreKit.framework */,
				EB553F3E1BE33AC900878A2C /* FBSDKLoginKit.framework */,
				EB553F3F1BE33AC900878A2C /* FBSDKShareKit.framework */,
				EB553F401BE33AC900878A2C /* FacebookSDK.framework */,
			);
			path = SDKs;
			sourceTree = "<group>";
		};
		EB4C0D7D1BE212BC00CEE1FD /* Utilities */ = {
			isa = PBXGroup;
			children = (
				EB51FA5B1BE88BC100EEE78B /* ImageViewUtil */,
				EB5096621BE48FE100A177F1 /* ConstantsFIle */,
				EB5096651BE48FE100A177F1 /* NSUserDefaultController */,
				EB553F461BE36F1E00878A2C /* JASidePanelController */,
				EB4C10EA1BE2334400CEE1FD /* NewFBUtil */,
				EB4C0D7E1BE212BC00CEE1FD /* FacebookUtil */,
			);
			path = Utilities;
			sourceTree = "<group>";
		};
		EB4C0D7E1BE212BC00CEE1FD /* FacebookUtil */ = {
			isa = PBXGroup;
			children = (
				EB4C0D7F1BE212BC00CEE1FD /* FBUtil.h */,
				EB4C0D801BE212BC00CEE1FD /* FBUtil.m */,
			);
			path = FacebookUtil;
			sourceTree = "<group>";
		};
		EB4C0D8E1BE217DF00CEE1FD /* LandingScreen */ = {
			isa = PBXGroup;
			children = (
				EB4C0D8F1BE217DF00CEE1FD /* VCLandiScreen.h */,
				EB4C0D901BE217DF00CEE1FD /* VCLandiScreen.m */,
				EB4C0D911BE217DF00CEE1FD /* VCLandiScreen.xib */,
			);
			path = LandingScreen;
			sourceTree = "<group>";
		};
		EB4C0D921BE217DF00CEE1FD /* CreateAccount */ = {
			isa = PBXGroup;
			children = (
				EB4C0D931BE217DF00CEE1FD /* VCCreateAccount.h */,
				EB4C0D941BE217DF00CEE1FD /* VCCreateAccount.m */,
				EB4C0D951BE217DF00CEE1FD /* VCCreateAccount.xib */,
			);
			path = CreateAccount;
			sourceTree = "<group>";
		};
		EB4C0D9A1BE2241F00CEE1FD /* Images */ = {
			isa = PBXGroup;
			children = (
				EB51FA8D1BE88E2100EEE78B /* default_avatar12.png */,
				EB51FA8E1BE88E2100EEE78B /* default_avatar12@2x.png */,
				EB51FA8F1BE88E2100EEE78B /* default_avatar12@3x.png */,
				EB553F691BE37F7B00878A2C /* food5.jpg */,
				EB553F671BE37E5600878A2C /* food3.jpg */,
				EB553F601BE37C7400878A2C /* food2.jpeg */,
				EB553F611BE37C7400878A2C /* food1.jpeg */,
				EB553F621BE37C7400878A2C /* food4.jpg */,
				EB4C0D9F1BE2275200CEE1FD /* Bye-Bye-Bunny-Pancakes.jpg */,
				EB4C0D9D1BE226AA00CEE1FD /* createAccountBackground.png */,
				EB4C0D9B1BE2241F00CEE1FD /* LandingScreen.jpeg */,
			);
			path = Images;
			sourceTree = "<group>";
		};
		EB4C10EA1BE2334400CEE1FD /* NewFBUtil */ = {
			isa = PBXGroup;
			children = (
				EB4C10EB1BE2334400CEE1FD /* FBUtilNew.h */,
				EB4C10EC1BE2334400CEE1FD /* FBUtilNew.m */,
			);
			path = NewFBUtil;
			sourceTree = "<group>";
		};
		EB5096621BE48FE100A177F1 /* ConstantsFIle */ = {
			isa = PBXGroup;
			children = (
				EB50966E1BE4928700A177F1 /* Constants.h */,
				EB50966F1BE4929B00A177F1 /* Constants.m */,
			);
			path = ConstantsFIle;
			sourceTree = "<group>";
		};
		EB5096651BE48FE100A177F1 /* NSUserDefaultController */ = {
			isa = PBXGroup;
			children = (
				EB5096681BE48FE100A177F1 /* UserDefaultController.h */,
				EB5096691BE48FE100A177F1 /* UserDefaultController.m */,
			);
			path = NSUserDefaultController;
			sourceTree = "<group>";
		};
		EB51FA5B1BE88BC100EEE78B /* ImageViewUtil */ = {
			isa = PBXGroup;
			children = (
				EB51FA5C1BE88BC100EEE78B /* MKAnnotationView+WebCache.h */,
				EB51FA5D1BE88BC100EEE78B /* MKAnnotationView+WebCache.m */,
				EB51FA5E1BE88BC100EEE78B /* NSData+ImageContentType.h */,
				EB51FA5F1BE88BC100EEE78B /* NSData+ImageContentType.m */,
				EB51FA601BE88BC100EEE78B /* SDImageCache.h */,
				EB51FA611BE88BC100EEE78B /* SDImageCache.m */,
				EB51FA621BE88BC100EEE78B /* SDWebImageCompat.h */,
				EB51FA631BE88BC100EEE78B /* SDWebImageCompat.m */,
				EB51FA641BE88BC100EEE78B /* SDWebImageDecoder.h */,
				EB51FA651BE88BC100EEE78B /* SDWebImageDecoder.m */,
				EB51FA661BE88BC100EEE78B /* SDWebImageDownloader.h */,
				EB51FA671BE88BC100EEE78B /* SDWebImageDownloader.m */,
				EB51FA681BE88BC100EEE78B /* SDWebImageDownloaderOperation.h */,
				EB51FA691BE88BC100EEE78B /* SDWebImageDownloaderOperation.m */,
				EB51FA6A1BE88BC100EEE78B /* SDWebImageManager.h */,
				EB51FA6B1BE88BC100EEE78B /* SDWebImageManager.m */,
				EB51FA6C1BE88BC100EEE78B /* SDWebImageOperation.h */,
				EB51FA6D1BE88BC100EEE78B /* SDWebImagePrefetcher.h */,
				EB51FA6E1BE88BC100EEE78B /* SDWebImagePrefetcher.m */,
				EB51FA6F1BE88BC100EEE78B /* UIButton+WebCache.h */,
				EB51FA701BE88BC100EEE78B /* UIButton+WebCache.m */,
				EB51FA711BE88BC100EEE78B /* UIImage+GIF.h */,
				EB51FA721BE88BC100EEE78B /* UIImage+GIF.m */,
				EB51FA731BE88BC100EEE78B /* UIImage+MultiFormat.h */,
				EB51FA741BE88BC100EEE78B /* UIImage+MultiFormat.m */,
				EB51FA751BE88BC100EEE78B /* UIImage+WebP.h */,
				EB51FA761BE88BC100EEE78B /* UIImage+WebP.m */,
				EB51FA771BE88BC100EEE78B /* UIImageView+HighlightedWebCache.h */,
				EB51FA781BE88BC100EEE78B /* UIImageView+HighlightedWebCache.m */,
				EB51FA791BE88BC100EEE78B /* UIImageView+WebCache.h */,
				EB51FA7A1BE88BC100EEE78B /* UIImageView+WebCache.m */,
				EB51FA7B1BE88BC100EEE78B /* UIView+WebCacheOperation.h */,
				EB51FA7C1BE88BC100EEE78B /* UIView+WebCacheOperation.m */,
			);
			path = ImageViewUtil;
			sourceTree = "<group>";
		};
		EB553F461BE36F1E00878A2C /* JASidePanelController */ = {
			isa = PBXGroup;
			children = (
				EB553F471BE36F1E00878A2C /* JASidePanelController.h */,
				EB553F481BE36F1E00878A2C /* JASidePanelController.m */,
				EB553F491BE36F1E00878A2C /* UIViewController+JASidePanel.h */,
				EB553F4A1BE36F1E00878A2C /* UIViewController+JASidePanel.m */,
			);
			path = JASidePanelController;
			sourceTree = "<group>";
		};
		EB553F4D1BE3750D00878A2C /* RightMenu */ = {
			isa = PBXGroup;
			children = (
				EB553F501BE3753500878A2C /* VCRightMenu.h */,
				EB553F511BE3753500878A2C /* VCRightMenu.m */,
				EB553F521BE3753500878A2C /* VCRightMenu.xib */,
			);
			path = RightMenu;
			sourceTree = "<group>";
		};
		EB553F4E1BE3750D00878A2C /* CenterController */ = {
			isa = PBXGroup;
			children = (
				EB553F551BE3756100878A2C /* VCCenterDetails.h */,
				EB553F561BE3756100878A2C /* VCCenterDetails.m */,
				EB553F571BE3756100878A2C /* VCCenterDetails.xib */,
			);
			path = CenterController;
			sourceTree = "<group>";
		};
		EB553F4F1BE3750D00878A2C /* LeftMenu */ = {
			isa = PBXGroup;
			children = (
				EB553F5A1BE3757600878A2C /* VCLeftMenu.h */,
				EB553F5B1BE3757600878A2C /* VCLeftMenu.m */,
				EB553F5C1BE3757600878A2C /* VCLeftMenu.xib */,
				EB5096711BE4A1FB00A177F1 /* LeftMenuCell.h */,
				EB5096721BE4A1FB00A177F1 /* LeftMenuCell.m */,
				EB5096731BE4A1FB00A177F1 /* LeftMenuCell.xib */,
				EB5096761BE4A3D800A177F1 /* LeftMenuData.h */,
				EB5096771BE4A3D800A177F1 /* LeftMenuData.m */,
			);
			path = LeftMenu;
			sourceTree = "<group>";
		};
		EB597AAC1BE4C0340070FFF8 /* Profile */ = {
			isa = PBXGroup;
			children = (
				EB597AAD1BE4C0550070FFF8 /* VCProfile.h */,
				EB597AAE1BE4C0550070FFF8 /* VCProfile.m */,
				EB597AAF1BE4C0550070FFF8 /* VCProfile.xib */,
			);
			path = Profile;
			sourceTree = "<group>";
		};
		EB614C8D1BD753310044C817 = {
			isa = PBXGroup;
			children = (
				EB614C981BD753320044C817 /* SampleMapDemo */,
				EB4C0D7D1BE212BC00CEE1FD /* Utilities */,
				EB614CB21BD753320044C817 /* SampleMapDemoTests */,
				EB614CBD1BD753320044C817 /* SampleMapDemoUITests */,
				EB614C971BD753320044C817 /* Products */,
				EF1356EA1E1C04D250A4DEE7 /* Pods */,
				EB4C0D9A1BE2241F00CEE1FD /* Images */,
				EB4C0D761BE2128200CEE1FD /* SDKs */,
				A12E05AEA9CB3106A800B687 /* Frameworks */,
			);
			sourceTree = "<group>";
		};
		EB614C971BD753320044C817 /* Products */ = {
			isa = PBXGroup;
			children = (
				EB614C961BD753320044C817 /* SampleMapDemo.app */,
				EB614CAF1BD753320044C817 /* SampleMapDemoTests.xctest */,
				EB614CBA1BD753320044C817 /* SampleMapDemoUITests.xctest */,
			);
			name = Products;
			sourceTree = "<group>";
		};
		EB614C981BD753320044C817 /* SampleMapDemo */ = {
			isa = PBXGroup;
			children = (
				EB5BF0B21BDA024B00171719 /* taxi.png */,
				EB614C9C1BD753320044C817 /* AppDelegate.h */,
				EB614C9D1BD753320044C817 /* AppDelegate.m */,
				EB614C9F1BD753320044C817 /* ViewController.h */,
				EB614CA01BD753320044C817 /* ViewController.m */,
				EB614CCC1BD753D90044C817 /* ViewController.xib */,
				EB614CA21BD753320044C817 /* Main.storyboard */,
				EB614CA51BD753320044C817 /* Assets.xcassets */,
				EB614CA71BD753320044C817 /* LaunchScreen.storyboard */,
				EB4C0D8E1BE217DF00CEE1FD /* LandingScreen */,
				EB4C0D921BE217DF00CEE1FD /* CreateAccount */,
				EB4C0D6B1BE1FEFE00CEE1FD /* Login */,
				EB553F4D1BE3750D00878A2C /* RightMenu */,
				EB553F4E1BE3750D00878A2C /* CenterController */,
				EB597AAC1BE4C0340070FFF8 /* Profile */,
				EB553F4F1BE3750D00878A2C /* LeftMenu */,
				EB614CAA1BD753320044C817 /* Info.plist */,
				EB614C991BD753320044C817 /* Supporting Files */,
				EB4F1E7A1BD8D52C0015C867 /* AppleMapsViewController.h */,
				EB4F1E7B1BD8D52C0015C867 /* AppleMapsViewController.m */,
				EB4F1E7C1BD8D52C0015C867 /* AppleMapsViewController.xib */,
				EB5BF0AD1BD9F2F000171719 /* MapsSelector.h */,
				EB5BF0AE1BD9F2F000171719 /* MapsSelector.m */,
				EB5BF0AF1BD9F2F000171719 /* MapsSelector.xib */,
			);
			path = SampleMapDemo;
			sourceTree = "<group>";
		};
		EB614C991BD753320044C817 /* Supporting Files */ = {
			isa = PBXGroup;
			children = (
				EB614C9A1BD753320044C817 /* main.m */,
			);
			name = "Supporting Files";
			sourceTree = "<group>";
		};
		EB614CB21BD753320044C817 /* SampleMapDemoTests */ = {
			isa = PBXGroup;
			children = (
				EB614CB31BD753320044C817 /* SampleMapDemoTests.m */,
				EB614CB51BD753320044C817 /* Info.plist */,
			);
			path = SampleMapDemoTests;
			sourceTree = "<group>";
		};
		EB614CBD1BD753320044C817 /* SampleMapDemoUITests */ = {
			isa = PBXGroup;
			children = (
				EB614CBE1BD753320044C817 /* SampleMapDemoUITests.m */,
				EB614CC01BD753320044C817 /* Info.plist */,
			);
			path = SampleMapDemoUITests;
			sourceTree = "<group>";
		};
		EF1356EA1E1C04D250A4DEE7 /* Pods */ = {
			isa = PBXGroup;
			children = (
				B486CB81F1E025F65DEFD36B /* Pods-SampleMapDemo.debug.xcconfig */,
				30F460DCC422A8F80A04E6F8 /* Pods-SampleMapDemo.release.xcconfig */,
			);
			name = Pods;
			sourceTree = "<group>";
		};
/* End PBXGroup section */

/* Begin PBXNativeTarget section */
		EB614C951BD753320044C817 /* SampleMapDemo */ = {
			isa = PBXNativeTarget;
			buildConfigurationList = EB614CC31BD753320044C817 /* Build configuration list for PBXNativeTarget "SampleMapDemo" */;
			buildPhases = (
				EC71AFC2039D053422993EB1 /* Check Pods Manifest.lock */,
				EB614C921BD753320044C817 /* Sources */,
				EB614C931BD753320044C817 /* Frameworks */,
				EB614C941BD753320044C817 /* Resources */,
				A1FDFCACA1F1F41CBC6F965A /* Embed Pods Frameworks */,
				E85F2C5C446CC723D825E8BC /* Copy Pods Resources */,
			);
			buildRules = (
			);
			dependencies = (
			);
			name = SampleMapDemo;
			productName = SampleMapDemo;
			productReference = EB614C961BD753320044C817 /* SampleMapDemo.app */;
			productType = "com.apple.product-type.application";
		};
		EB614CAE1BD753320044C817 /* SampleMapDemoTests */ = {
			isa = PBXNativeTarget;
			buildConfigurationList = EB614CC61BD753320044C817 /* Build configuration list for PBXNativeTarget "SampleMapDemoTests" */;
			buildPhases = (
				EB614CAB1BD753320044C817 /* Sources */,
				EB614CAC1BD753320044C817 /* Frameworks */,
				EB614CAD1BD753320044C817 /* Resources */,
			);
			buildRules = (
			);
			dependencies = (
				EB614CB11BD753320044C817 /* PBXTargetDependency */,
			);
			name = SampleMapDemoTests;
			productName = SampleMapDemoTests;
			productReference = EB614CAF1BD753320044C817 /* SampleMapDemoTests.xctest */;
			productType = "com.apple.product-type.bundle.unit-test";
		};
		EB614CB91BD753320044C817 /* SampleMapDemoUITests */ = {
			isa = PBXNativeTarget;
			buildConfigurationList = EB614CC91BD753320044C817 /* Build configuration list for PBXNativeTarget "SampleMapDemoUITests" */;
			buildPhases = (
				EB614CB61BD753320044C817 /* Sources */,
				EB614CB71BD753320044C817 /* Frameworks */,
				EB614CB81BD753320044C817 /* Resources */,
			);
			buildRules = (
			);
			dependencies = (
				EB614CBC1BD753320044C817 /* PBXTargetDependency */,
			);
			name = SampleMapDemoUITests;
			productName = SampleMapDemoUITests;
			productReference = EB614CBA1BD753320044C817 /* SampleMapDemoUITests.xctest */;
			productType = "com.apple.product-type.bundle.ui-testing";
		};
/* End PBXNativeTarget section */

/* Begin PBXProject section */
		EB614C8E1BD753310044C817 /* Project object */ = {
			isa = PBXProject;
			attributes = {
				LastUpgradeCheck = 0700;
				ORGANIZATIONNAME = "SitesSimply PTY. LTD";
				TargetAttributes = {
					EB614C951BD753320044C817 = {
						CreatedOnToolsVersion = 7.0.1;
					};
					EB614CAE1BD753320044C817 = {
						CreatedOnToolsVersion = 7.0.1;
						TestTargetID = EB614C951BD753320044C817;
					};
					EB614CB91BD753320044C817 = {
						CreatedOnToolsVersion = 7.0.1;
						TestTargetID = EB614C951BD753320044C817;
					};
				};
			};
			buildConfigurationList = EB614C911BD753310044C817 /* Build configuration list for PBXProject "SampleMapDemo" */;
			compatibilityVersion = "Xcode 3.2";
			developmentRegion = English;
			hasScannedForEncodings = 0;
			knownRegions = (
				en,
				Base,
			);
			mainGroup = EB614C8D1BD753310044C817;
			productRefGroup = EB614C971BD753320044C817 /* Products */;
			projectDirPath = "";
			projectRoot = "";
			targets = (
				EB614C951BD753320044C817 /* SampleMapDemo */,
				EB614CAE1BD753320044C817 /* SampleMapDemoTests */,
				EB614CB91BD753320044C817 /* SampleMapDemoUITests */,
			);
		};
/* End PBXProject section */

/* Begin PBXResourcesBuildPhase section */
		EB614C941BD753320044C817 /* Resources */ = {
			isa = PBXResourcesBuildPhase;
			buildActionMask = 2147483647;
			files = (
				EB553F541BE3753500878A2C /* VCRightMenu.xib in Resources */,
				EB51FA921BE88E2100EEE78B /* default_avatar12@3x.png in Resources */,
				EB4C0DA01BE2275200CEE1FD /* Bye-Bye-Bunny-Pancakes.jpg in Resources */,
				EB597AB11BE4C0550070FFF8 /* VCProfile.xib in Resources */,
				EB553F651BE37C7400878A2C /* food1.jpeg in Resources */,
				EB51FA911BE88E2100EEE78B /* default_avatar12@2x.png in Resources */,
				EB553F6A1BE37F7B00878A2C /* food5.jpg in Resources */,
				EB4C0D9C1BE2241F00CEE1FD /* LandingScreen.jpeg in Resources */,
				EB553F641BE37C7400878A2C /* food2.jpeg in Resources */,
				EB614CA91BD753320044C817 /* LaunchScreen.storyboard in Resources */,
				EB5BF0B31BDA024B00171719 /* taxi.png in Resources */,
				EB4C0D971BE217DF00CEE1FD /* VCLandiScreen.xib in Resources */,
				EB614CA61BD753320044C817 /* Assets.xcassets in Resources */,
				EB553F591BE3756100878A2C /* VCCenterDetails.xib in Resources */,
				EB5096751BE4A1FC00A177F1 /* LeftMenuCell.xib in Resources */,
				EB51FA901BE88E2100EEE78B /* default_avatar12.png in Resources */,
				EB553F5E1BE3757600878A2C /* VCLeftMenu.xib in Resources */,
				EB553F661BE37C7400878A2C /* food4.jpg in Resources */,
				EB4C0D991BE217DF00CEE1FD /* VCCreateAccount.xib in Resources */,
				EB614CCD1BD753D90044C817 /* ViewController.xib in Resources */,
				EB4C0D9E1BE226AA00CEE1FD /* createAccountBackground.png in Resources */,
				EB5BF0B11BD9F2F000171719 /* MapsSelector.xib in Resources */,
				EB614CA41BD753320044C817 /* Main.storyboard in Resources */,
				EB4C0D701BE1FF1D00CEE1FD /* VCLogin.xib in Resources */,
				EB4F1E7E1BD8D52C0015C867 /* AppleMapsViewController.xib in Resources */,
				EB553F681BE37E5600878A2C /* food3.jpg in Resources */,
			);
			runOnlyForDeploymentPostprocessing = 0;
		};
		EB614CAD1BD753320044C817 /* Resources */ = {
			isa = PBXResourcesBuildPhase;
			buildActionMask = 2147483647;
			files = (
			);
			runOnlyForDeploymentPostprocessing = 0;
		};
		EB614CB81BD753320044C817 /* Resources */ = {
			isa = PBXResourcesBuildPhase;
			buildActionMask = 2147483647;
			files = (
			);
			runOnlyForDeploymentPostprocessing = 0;
		};
/* End PBXResourcesBuildPhase section */

/* Begin PBXShellScriptBuildPhase section */
		A1FDFCACA1F1F41CBC6F965A /* Embed Pods Frameworks */ = {
			isa = PBXShellScriptBuildPhase;
			buildActionMask = 2147483647;
			files = (
			);
			inputPaths = (
			);
			name = "Embed Pods Frameworks";
			outputPaths = (
			);
			runOnlyForDeploymentPostprocessing = 0;
			shellPath = /bin/sh;
			shellScript = "\"${SRCROOT}/Pods/Target Support Files/Pods-SampleMapDemo/Pods-SampleMapDemo-frameworks.sh\"\n";
			showEnvVarsInLog = 0;
		};
		E85F2C5C446CC723D825E8BC /* Copy Pods Resources */ = {
			isa = PBXShellScriptBuildPhase;
			buildActionMask = 2147483647;
			files = (
			);
			inputPaths = (
			);
			name = "Copy Pods Resources";
			outputPaths = (
			);
			runOnlyForDeploymentPostprocessing = 0;
			shellPath = /bin/sh;
			shellScript = "\"${SRCROOT}/Pods/Target Support Files/Pods-SampleMapDemo/Pods-SampleMapDemo-resources.sh\"\n";
			showEnvVarsInLog = 0;
		};
		EC71AFC2039D053422993EB1 /* Check Pods Manifest.lock */ = {
			isa = PBXShellScriptBuildPhase;
			buildActionMask = 2147483647;
			files = (
			);
			inputPaths = (
			);
			name = "Check Pods Manifest.lock";
			outputPaths = (
			);
			runOnlyForDeploymentPostprocessing = 0;
			shellPath = /bin/sh;
			shellScript = "diff \"${PODS_ROOT}/../Podfile.lock\" \"${PODS_ROOT}/Manifest.lock\" > /dev/null\nif [[ $? != 0 ]] ; then\n    cat << EOM\nerror: The sandbox is not in sync with the Podfile.lock. Run 'pod install' or update your CocoaPods installation.\nEOM\n    exit 1\nfi\n";
			showEnvVarsInLog = 0;
		};
/* End PBXShellScriptBuildPhase section */

/* Begin PBXSourcesBuildPhase section */
		EB614C921BD753320044C817 /* Sources */ = {
			isa = PBXSourcesBuildPhase;
			buildActionMask = 2147483647;
			files = (
				EB51FA8A1BE88BC100EEE78B /* UIImageView+HighlightedWebCache.m in Sources */,
				EB4C0D6F1BE1FF1D00CEE1FD /* VCLogin.m in Sources */,
				EB51FA841BE88BC100EEE78B /* SDWebImageManager.m in Sources */,
				EB51FA801BE88BC100EEE78B /* SDWebImageCompat.m in Sources */,
				EB51FA851BE88BC100EEE78B /* SDWebImagePrefetcher.m in Sources */,
				EB5096741BE4A1FB00A177F1 /* LeftMenuCell.m in Sources */,
				EB51FA7F1BE88BC100EEE78B /* SDImageCache.m in Sources */,
				EB614CA11BD753320044C817 /* ViewController.m in Sources */,
				EB51FA861BE88BC100EEE78B /* UIButton+WebCache.m in Sources */,
				EB4C0D811BE212BC00CEE1FD /* FBUtil.m in Sources */,
				EB50966C1BE48FE100A177F1 /* UserDefaultController.m in Sources */,
				EB51FA891BE88BC100EEE78B /* UIImage+WebP.m in Sources */,
				EB553F531BE3753500878A2C /* VCRightMenu.m in Sources */,
				EB4C0D961BE217DF00CEE1FD /* VCLandiScreen.m in Sources */,
				EB614C9E1BD753320044C817 /* AppDelegate.m in Sources */,
				EB51FA871BE88BC100EEE78B /* UIImage+GIF.m in Sources */,
				EB51FA8C1BE88BC100EEE78B /* UIView+WebCacheOperation.m in Sources */,
				EB553F4B1BE36F1E00878A2C /* JASidePanelController.m in Sources */,
				EB4F1E7D1BD8D52C0015C867 /* AppleMapsViewController.m in Sources */,
				EB51FA881BE88BC100EEE78B /* UIImage+MultiFormat.m in Sources */,
				EB51FA811BE88BC100EEE78B /* SDWebImageDecoder.m in Sources */,
				EB51FA7E1BE88BC100EEE78B /* NSData+ImageContentType.m in Sources */,
				EB5BF0B01BD9F2F000171719 /* MapsSelector.m in Sources */,
				EB51FA831BE88BC100EEE78B /* SDWebImageDownloaderOperation.m in Sources */,
				EB51FA7D1BE88BC100EEE78B /* MKAnnotationView+WebCache.m in Sources */,
				EB5096781BE4A3D800A177F1 /* LeftMenuData.m in Sources */,
				EB597AB01BE4C0550070FFF8 /* VCProfile.m in Sources */,
				EB553F5D1BE3757600878A2C /* VCLeftMenu.m in Sources */,
				EB614C9B1BD753320044C817 /* main.m in Sources */,
				EB51FA821BE88BC100EEE78B /* SDWebImageDownloader.m in Sources */,
				EB553F581BE3756100878A2C /* VCCenterDetails.m in Sources */,
				EB553F4C1BE36F1E00878A2C /* UIViewController+JASidePanel.m in Sources */,
				EB4C10ED1BE2334400CEE1FD /* FBUtilNew.m in Sources */,
				EB51FA8B1BE88BC100EEE78B /* UIImageView+WebCache.m in Sources */,
				EB4C0D981BE217DF00CEE1FD /* VCCreateAccount.m in Sources */,
				EB5096701BE4929B00A177F1 /* Constants.m in Sources */,
			);
			runOnlyForDeploymentPostprocessing = 0;
		};
		EB614CAB1BD753320044C817 /* Sources */ = {
			isa = PBXSourcesBuildPhase;
			buildActionMask = 2147483647;
			files = (
				EB614CB41BD753320044C817 /* SampleMapDemoTests.m in Sources */,
			);
			runOnlyForDeploymentPostprocessing = 0;
		};
		EB614CB61BD753320044C817 /* Sources */ = {
			isa = PBXSourcesBuildPhase;
			buildActionMask = 2147483647;
			files = (
				EB614CBF1BD753320044C817 /* SampleMapDemoUITests.m in Sources */,
			);
			runOnlyForDeploymentPostprocessing = 0;
		};
/* End PBXSourcesBuildPhase section */

/* Begin PBXTargetDependency section */
		EB614CB11BD753320044C817 /* PBXTargetDependency */ = {
			isa = PBXTargetDependency;
			target = EB614C951BD753320044C817 /* SampleMapDemo */;
			targetProxy = EB614CB01BD753320044C817 /* PBXContainerItemProxy */;
		};
		EB614CBC1BD753320044C817 /* PBXTargetDependency */ = {
			isa = PBXTargetDependency;
			target = EB614C951BD753320044C817 /* SampleMapDemo */;
			targetProxy = EB614CBB1BD753320044C817 /* PBXContainerItemProxy */;
		};
/* End PBXTargetDependency section */

/* Begin PBXVariantGroup section */
		EB614CA21BD753320044C817 /* Main.storyboard */ = {
			isa = PBXVariantGroup;
			children = (
				EB614CA31BD753320044C817 /* Base */,
			);
			name = Main.storyboard;
			sourceTree = "<group>";
		};
		EB614CA71BD753320044C817 /* LaunchScreen.storyboard */ = {
			isa = PBXVariantGroup;
			children = (
				EB614CA81BD753320044C817 /* Base */,
			);
			name = LaunchScreen.storyboard;
			sourceTree = "<group>";
		};
/* End PBXVariantGroup section */

/* Begin XCBuildConfiguration section */
		EB614CC11BD753320044C817 /* Debug */ = {
			isa = XCBuildConfiguration;
			buildSettings = {
				ALWAYS_SEARCH_USER_PATHS = NO;
				CLANG_CXX_LANGUAGE_STANDARD = "gnu++0x";
				CLANG_CXX_LIBRARY = "libc++";
				CLANG_ENABLE_MODULES = YES;
				CLANG_ENABLE_OBJC_ARC = YES;
				CLANG_WARN_BOOL_CONVERSION = YES;
				CLANG_WARN_CONSTANT_CONVERSION = YES;
				CLANG_WARN_DIRECT_OBJC_ISA_USAGE = YES_ERROR;
				CLANG_WARN_EMPTY_BODY = YES;
				CLANG_WARN_ENUM_CONVERSION = YES;
				CLANG_WARN_INT_CONVERSION = YES;
				CLANG_WARN_OBJC_ROOT_CLASS = YES_ERROR;
				CLANG_WARN_UNREACHABLE_CODE = YES;
				CLANG_WARN__DUPLICATE_METHOD_MATCH = YES;
				"CODE_SIGN_IDENTITY[sdk=iphoneos*]" = "iPhone Developer";
				COPY_PHASE_STRIP = NO;
				DEBUG_INFORMATION_FORMAT = dwarf;
				ENABLE_STRICT_OBJC_MSGSEND = YES;
				ENABLE_TESTABILITY = YES;
				GCC_C_LANGUAGE_STANDARD = gnu99;
				GCC_DYNAMIC_NO_PIC = NO;
				GCC_NO_COMMON_BLOCKS = YES;
				GCC_OPTIMIZATION_LEVEL = 0;
				GCC_PREPROCESSOR_DEFINITIONS = (
					"DEBUG=1",
					"$(inherited)",
				);
				GCC_WARN_64_TO_32_BIT_CONVERSION = YES;
				GCC_WARN_ABOUT_RETURN_TYPE = YES_ERROR;
				GCC_WARN_UNDECLARED_SELECTOR = YES;
				GCC_WARN_UNINITIALIZED_AUTOS = YES_AGGRESSIVE;
				GCC_WARN_UNUSED_FUNCTION = YES;
				GCC_WARN_UNUSED_VARIABLE = YES;
				IPHONEOS_DEPLOYMENT_TARGET = 9.0;
				MTL_ENABLE_DEBUG_INFO = YES;
				ONLY_ACTIVE_ARCH = YES;
				SDKROOT = iphoneos;
				TARGETED_DEVICE_FAMILY = "1,2";
			};
			name = Debug;
		};
		EB614CC21BD753320044C817 /* Release */ = {
			isa = XCBuildConfiguration;
			buildSettings = {
				ALWAYS_SEARCH_USER_PATHS = NO;
				CLANG_CXX_LANGUAGE_STANDARD = "gnu++0x";
				CLANG_CXX_LIBRARY = "libc++";
				CLANG_ENABLE_MODULES = YES;
				CLANG_ENABLE_OBJC_ARC = YES;
				CLANG_WARN_BOOL_CONVERSION = YES;
				CLANG_WARN_CONSTANT_CONVERSION = YES;
				CLANG_WARN_DIRECT_OBJC_ISA_USAGE = YES_ERROR;
				CLANG_WARN_EMPTY_BODY = YES;
				CLANG_WARN_ENUM_CONVERSION = YES;
				CLANG_WARN_INT_CONVERSION = YES;
				CLANG_WARN_OBJC_ROOT_CLASS = YES_ERROR;
				CLANG_WARN_UNREACHABLE_CODE = YES;
				CLANG_WARN__DUPLICATE_METHOD_MATCH = YES;
				"CODE_SIGN_IDENTITY[sdk=iphoneos*]" = "iPhone Developer";
				COPY_PHASE_STRIP = NO;
				DEBUG_INFORMATION_FORMAT = "dwarf-with-dsym";
				ENABLE_NS_ASSERTIONS = NO;
				ENABLE_STRICT_OBJC_MSGSEND = YES;
				GCC_C_LANGUAGE_STANDARD = gnu99;
				GCC_NO_COMMON_BLOCKS = YES;
				GCC_WARN_64_TO_32_BIT_CONVERSION = YES;
				GCC_WARN_ABOUT_RETURN_TYPE = YES_ERROR;
				GCC_WARN_UNDECLARED_SELECTOR = YES;
				GCC_WARN_UNINITIALIZED_AUTOS = YES_AGGRESSIVE;
				GCC_WARN_UNUSED_FUNCTION = YES;
				GCC_WARN_UNUSED_VARIABLE = YES;
				IPHONEOS_DEPLOYMENT_TARGET = 9.0;
				MTL_ENABLE_DEBUG_INFO = NO;
				SDKROOT = iphoneos;
				TARGETED_DEVICE_FAMILY = "1,2";
				VALIDATE_PRODUCT = YES;
			};
			name = Release;
		};
		EB614CC41BD753320044C817 /* Debug */ = {
			isa = XCBuildConfiguration;
			baseConfigurationReference = B486CB81F1E025F65DEFD36B /* Pods-SampleMapDemo.debug.xcconfig */;
			buildSettings = {
				ASSETCATALOG_COMPILER_APPICON_NAME = AppIcon;
				ENABLE_BITCODE = NO;
				FRAMEWORK_SEARCH_PATHS = (
					"$(inherited)",
					"$(PROJECT_DIR)/SDKs",
				);
				INFOPLIST_FILE = SampleMapDemo/Info.plist;
				IPHONEOS_DEPLOYMENT_TARGET = 9.0;
				LD_RUNPATH_SEARCH_PATHS = "$(inherited) @executable_path/Frameworks";
				PRODUCT_BUNDLE_IDENTIFIER = com.sitessimply.SampleMapDemo;
				PRODUCT_NAME = "$(TARGET_NAME)";
			};
			name = Debug;
		};
		EB614CC51BD753320044C817 /* Release */ = {
			isa = XCBuildConfiguration;
			baseConfigurationReference = 30F460DCC422A8F80A04E6F8 /* Pods-SampleMapDemo.release.xcconfig */;
			buildSettings = {
				ASSETCATALOG_COMPILER_APPICON_NAME = AppIcon;
				ENABLE_BITCODE = NO;
				FRAMEWORK_SEARCH_PATHS = (
					"$(inherited)",
					"$(PROJECT_DIR)/SDKs",
				);
				INFOPLIST_FILE = SampleMapDemo/Info.plist;
				IPHONEOS_DEPLOYMENT_TARGET = 9.0;
				LD_RUNPATH_SEARCH_PATHS = "$(inherited) @executable_path/Frameworks";
				PRODUCT_BUNDLE_IDENTIFIER = com.sitessimply.SampleMapDemo;
				PRODUCT_NAME = "$(TARGET_NAME)";
			};
			name = Release;
		};
		EB614CC71BD753320044C817 /* Debug */ = {
			isa = XCBuildConfiguration;
			buildSettings = {
				BUNDLE_LOADER = "$(TEST_HOST)";
				INFOPLIST_FILE = SampleMapDemoTests/Info.plist;
				LD_RUNPATH_SEARCH_PATHS = "$(inherited) @executable_path/Frameworks @loader_path/Frameworks";
				PRODUCT_BUNDLE_IDENTIFIER = "com.sitessimply.-MapsDemos.SampleMapDemoTests";
				PRODUCT_NAME = "$(TARGET_NAME)";
				TEST_HOST = "$(BUILT_PRODUCTS_DIR)/SampleMapDemo.app/SampleMapDemo";
			};
			name = Debug;
		};
		EB614CC81BD753320044C817 /* Release */ = {
			isa = XCBuildConfiguration;
			buildSettings = {
				BUNDLE_LOADER = "$(TEST_HOST)";
				INFOPLIST_FILE = SampleMapDemoTests/Info.plist;
				LD_RUNPATH_SEARCH_PATHS = "$(inherited) @executable_path/Frameworks @loader_path/Frameworks";
				PRODUCT_BUNDLE_IDENTIFIER = "com.sitessimply.-MapsDemos.SampleMapDemoTests";
				PRODUCT_NAME = "$(TARGET_NAME)";
				TEST_HOST = "$(BUILT_PRODUCTS_DIR)/SampleMapDemo.app/SampleMapDemo";
			};
			name = Release;
		};
		EB614CCA1BD753320044C817 /* Debug */ = {
			isa = XCBuildConfiguration;
			buildSettings = {
				INFOPLIST_FILE = SampleMapDemoUITests/Info.plist;
				LD_RUNPATH_SEARCH_PATHS = "$(inherited) @executable_path/Frameworks @loader_path/Frameworks";
				PRODUCT_BUNDLE_IDENTIFIER = "com.sitessimply.-MapsDemos.SampleMapDemoUITests";
				PRODUCT_NAME = "$(TARGET_NAME)";
				TEST_TARGET_NAME = SampleMapDemo;
				USES_XCTRUNNER = YES;
			};
			name = Debug;
		};
		EB614CCB1BD753320044C817 /* Release */ = {
			isa = XCBuildConfiguration;
			buildSettings = {
				INFOPLIST_FILE = SampleMapDemoUITests/Info.plist;
				LD_RUNPATH_SEARCH_PATHS = "$(inherited) @executable_path/Frameworks @loader_path/Frameworks";
				PRODUCT_BUNDLE_IDENTIFIER = "com.sitessimply.-MapsDemos.SampleMapDemoUITests";
				PRODUCT_NAME = "$(TARGET_NAME)";
				TEST_TARGET_NAME = SampleMapDemo;
				USES_XCTRUNNER = YES;
			};
			name = Release;
		};
/* End XCBuildConfiguration section */

/* Begin XCConfigurationList section */
		EB614C911BD753310044C817 /* Build configuration list for PBXProject "SampleMapDemo" */ = {
			isa = XCConfigurationList;
			buildConfigurations = (
				EB614CC11BD753320044C817 /* Debug */,
				EB614CC21BD753320044C817 /* Release */,
			);
			defaultConfigurationIsVisible = 0;
			defaultConfigurationName = Release;
		};
		EB614CC31BD753320044C817 /* Build configuration list for PBXNativeTarget "SampleMapDemo" */ = {
			isa = XCConfigurationList;
			buildConfigurations = (
				EB614CC41BD753320044C817 /* Debug */,
				EB614CC51BD753320044C817 /* Release */,
			);
			defaultConfigurationIsVisible = 0;
			defaultConfigurationName = Release;
		};
		EB614CC61BD753320044C817 /* Build configuration list for PBXNativeTarget "SampleMapDemoTests" */ = {
			isa = XCConfigurationList;
			buildConfigurations = (
				EB614CC71BD753320044C817 /* Debug */,
				EB614CC81BD753320044C817 /* Release */,
			);
			defaultConfigurationIsVisible = 0;
			defaultConfigurationName = Release;
		};
		EB614CC91BD753320044C817 /* Build configuration list for PBXNativeTarget "SampleMapDemoUITests" */ = {
			isa = XCConfigurationList;
			buildConfigurations = (
				EB614CCA1BD753320044C817 /* Debug */,
				EB614CCB1BD753320044C817 /* Release */,
			);
			defaultConfigurationIsVisible = 0;
			defaultConfigurationName = Release;
		};
/* End XCConfigurationList section */
	};
	rootObject = EB614C8E1BD753310044C817 /* Project object */;
}
